
Microsoft Visual Studio Solution File, Format Version 12.00
Project("{2150E333-8FDC-42A3-9474-1A3956D46DE8}") = "Src", "Src", "{D21A3511-CFBB-458B-B8F1-668ACD8A82DA}"
EndProject
Project("{2150E333-8FDC-42A3-9474-1A3956D46DE8}") = "Common", "Common", "{04F4A503-D7C4-434D-B7E8-123044CF5567}"
EndProject
Project("{2150E333-8FDC-42A3-9474-1A3956D46DE8}") = "Core", "Core", "{CBD1C811-DFE7-417F-8577-3695BB071B19}"
EndProject
Project("{2150E333-8FDC-42A3-9474-1A3956D46DE8}") = "Infrastructure", "Infrastructure", "{5E1A142F-0DDF-43E9-8ACA-7A0C42B90A57}"
EndProject
Project("{2150E333-8FDC-42A3-9474-1A3956D46DE8}") = "Presentation", "Presentation", "{D7EAA0D9-F5D7-4321-A075-C197F237BFD4}"
EndProject
Project("{FAE04EC0-301F-11D3-BF4B-00C04F79EFBC}") = "Project.Common", "Project.Common\Project.Common.csproj", "{C81048A1-631D-4391-9EA9-49A021CC09C3}"
EndProject
Project("{FAE04EC0-301F-11D3-BF4B-00C04F79EFBC}") = "Project.Application", "Project.Application\Project.Application.csproj", "{BE0CC3D8-0AFC-425A-ABFA-3A5D1A9CBD33}"
EndProject
Project("{FAE04EC0-301F-11D3-BF4B-00C04F79EFBC}") = "Project.Domain", "Project.Domain\Project.Domain.csproj", "{F5ECA3D5-DA38-4680-BFAB-21B934CE19D1}"
EndProject
Project("{FAE04EC0-301F-11D3-BF4B-00C04F79EFBC}") = "Project.Infrastructure", "Project.Infrastructure\Project.Infrastructure.csproj", "{3068FEA2-A2A2-4AF1-8D6D-54450E3CD416}"
EndProject
Project("{FAE04EC0-301F-11D3-BF4B-00C04F79EFBC}") = "Project.Persistance", "Project.Persistance\Project.Persistance.csproj", "{B9C9FC8A-FE05-4974-B678-01A4F37292F4}"
EndProject
Project("{FAE04EC0-301F-11D3-BF4B-00C04F79EFBC}") = "Project.API", "Project.API\Project.API.csproj", "{724B7B9B-6CF8-42CD-A0F9-E64ADCFA13BF}"
EndProject
Global
	GlobalSection(SolutionConfigurationPlatforms) = preSolution
		Debug|Any CPU = Debug|Any CPU
		Release|Any CPU = Release|Any CPU
	EndGlobalSection
	GlobalSection(NestedProjects) = preSolution
		{04F4A503-D7C4-434D-B7E8-123044CF5567} = {D21A3511-CFBB-458B-B8F1-668ACD8A82DA}
		{CBD1C811-DFE7-417F-8577-3695BB071B19} = {D21A3511-CFBB-458B-B8F1-668ACD8A82DA}
		{5E1A142F-0DDF-43E9-8ACA-7A0C42B90A57} = {D21A3511-CFBB-458B-B8F1-668ACD8A82DA}
		{D7EAA0D9-F5D7-4321-A075-C197F237BFD4} = {D21A3511-CFBB-458B-B8F1-668ACD8A82DA}
		{C81048A1-631D-4391-9EA9-49A021CC09C3} = {04F4A503-D7C4-434D-B7E8-123044CF5567}
		{BE0CC3D8-0AFC-425A-ABFA-3A5D1A9CBD33} = {CBD1C811-DFE7-417F-8577-3695BB071B19}
		{F5ECA3D5-DA38-4680-BFAB-21B934CE19D1} = {CBD1C811-DFE7-417F-8577-3695BB071B19}
		{3068FEA2-A2A2-4AF1-8D6D-54450E3CD416} = {5E1A142F-0DDF-43E9-8ACA-7A0C42B90A57}
		{B9C9FC8A-FE05-4974-B678-01A4F37292F4} = {5E1A142F-0DDF-43E9-8ACA-7A0C42B90A57}
		{724B7B9B-6CF8-42CD-A0F9-E64ADCFA13BF} = {D7EAA0D9-F5D7-4321-A075-C197F237BFD4}
	EndGlobalSection
	GlobalSection(ProjectConfigurationPlatforms) = postSolution
		{C81048A1-631D-4391-9EA9-49A021CC09C3}.Debug|Any CPU.ActiveCfg = Debug|Any CPU
		{C81048A1-631D-4391-9EA9-49A021CC09C3}.Debug|Any CPU.Build.0 = Debug|Any CPU
		{C81048A1-631D-4391-9EA9-49A021CC09C3}.Release|Any CPU.ActiveCfg = Release|Any CPU
		{C81048A1-631D-4391-9EA9-49A021CC09C3}.Release|Any CPU.Build.0 = Release|Any CPU
		{BE0CC3D8-0AFC-425A-ABFA-3A5D1A9CBD33}.Debug|Any CPU.ActiveCfg = Debug|Any CPU
		{BE0CC3D8-0AFC-425A-ABFA-3A5D1A9CBD33}.Debug|Any CPU.Build.0 = Debug|Any CPU
		{BE0CC3D8-0AFC-425A-ABFA-3A5D1A9CBD33}.Release|Any CPU.ActiveCfg = Release|Any CPU
		{BE0CC3D8-0AFC-425A-ABFA-3A5D1A9CBD33}.Release|Any CPU.Build.0 = Release|Any CPU
		{F5ECA3D5-DA38-4680-BFAB-21B934CE19D1}.Debug|Any CPU.ActiveCfg = Debug|Any CPU
		{F5ECA3D5-DA38-4680-BFAB-21B934CE19D1}.Debug|Any CPU.Build.0 = Debug|Any CPU
		{F5ECA3D5-DA38-4680-BFAB-21B934CE19D1}.Release|Any CPU.ActiveCfg = Release|Any CPU
		{F5ECA3D5-DA38-4680-BFAB-21B934CE19D1}.Release|Any CPU.Build.0 = Release|Any CPU
		{3068FEA2-A2A2-4AF1-8D6D-54450E3CD416}.Debug|Any CPU.ActiveCfg = Debug|Any CPU
		{3068FEA2-A2A2-4AF1-8D6D-54450E3CD416}.Debug|Any CPU.Build.0 = Debug|Any CPU
		{3068FEA2-A2A2-4AF1-8D6D-54450E3CD416}.Release|Any CPU.ActiveCfg = Release|Any CPU
		{3068FEA2-A2A2-4AF1-8D6D-54450E3CD416}.Release|Any CPU.Build.0 = Release|Any CPU
		{B9C9FC8A-FE05-4974-B678-01A4F37292F4}.Debug|Any CPU.ActiveCfg = Debug|Any CPU
		{B9C9FC8A-FE05-4974-B678-01A4F37292F4}.Debug|Any CPU.Build.0 = Debug|Any CPU
		{B9C9FC8A-FE05-4974-B678-01A4F37292F4}.Release|Any CPU.ActiveCfg = Release|Any CPU
		{B9C9FC8A-FE05-4974-B678-01A4F37292F4}.Release|Any CPU.Build.0 = Release|Any CPU
		{724B7B9B-6CF8-42CD-A0F9-E64ADCFA13BF}.Debug|Any CPU.ActiveCfg = Debug|Any CPU
		{724B7B9B-6CF8-42CD-A0F9-E64ADCFA13BF}.Debug|Any CPU.Build.0 = Debug|Any CPU
		{724B7B9B-6CF8-42CD-A0F9-E64ADCFA13BF}.Release|Any CPU.ActiveCfg = Release|Any CPU
		{724B7B9B-6CF8-42CD-A0F9-E64ADCFA13BF}.Release|Any CPU.Build.0 = Release|Any CPU
	EndGlobalSection
EndGlobal
